{
  "name": "ip-tv-maker",
  "lockfileVersion": 3,
  "requires": true,
  "packages": {
    "": {
      "dependencies": {
        "hls.js": "^1.6.7"
      }
    },
    "node_modules/hls.js": {
      "version": "1.6.7",
      "resolved": "https://registry.npmjs.org/hls.js/-/hls.js-1.6.7.tgz",
      "integrity": "sha512-QW2fnwDGKGc9DwQUGLbmMOz8G48UZK7PVNJPcOUql1b8jubKx4/eMHNP5mGqr6tYlJNDG1g10Lx2U/qPzL6zwQ==",
      "license": "Apache-2.0"
    }
  }
}
